// !$*UTF8*$!
{
	archiveVersion = 1;
	classes = {
	};
	objectVersion = 50;
	objects = {

/* Begin PBXBuildFile section */
		3F1CF5DF21C23ED500C293FC /* AppDelegate.swift in Sources */ = {isa = PBXBuildFile; fileRef = 3F1CF5DE21C23ED500C293FC /* AppDelegate.swift */; };
		3F1CF5E121C23ED500C293FC /* ViewController.swift in Sources */ = {isa = PBXBuildFile; fileRef = 3F1CF5E021C23ED500C293FC /* ViewController.swift */; };
		3F1CF5E421C23ED500C293FC /* Main.storyboard in Resources */ = {isa = PBXBuildFile; fileRef = 3F1CF5E221C23ED500C293FC /* Main.storyboard */; };
		3F1CF5E721C23ED500C293FC /* __3.xcdatamodeld in Sources */ = {isa = PBXBuildFile; fileRef = 3F1CF5E521C23ED500C293FC /* __3.xcdatamodeld */; };
		3F1CF5E921C23ED600C293FC /* Assets.xcassets in Resources */ = {isa = PBXBuildFile; fileRef = 3F1CF5E821C23ED600C293FC /* Assets.xcassets */; };
		3F1CF5EC21C23ED600C293FC /* LaunchScreen.storyboard in Resources */ = {isa = PBXBuildFile; fileRef = 3F1CF5EA21C23ED600C293FC /* LaunchScreen.storyboard */; };
/* End PBXBuildFile section */

/* Begin PBXFileReference section */
		3F1CF5DB21C23ED500C293FC /* 9_3.app */ = {isa = PBXFileReference; explicitFileType = wrapper.application; includeInIndex = 0; path = 9_3.app; sourceTree = BUILT_PRODUCTS_DIR; };
		3F1CF5DE21C23ED500C293FC /* AppDelegate.swift */ = {isa = PBXFileReference; lastKnownFileType = sourcecode.swift; path = AppDelegate.swift; sourceTree = "<group>"; };
		3F1CF5E021C23ED500C293FC /* ViewController.swift */ = {isa = PBXFileReference; lastKnownFileType = sourcecode.swift; path = ViewController.swift; sourceTree = "<group>"; };
		3F1CF5E321C23ED500C293FC /* Base */ = {isa = PBXFileReference; lastKnownFileType = file.storyboard; name = Base; path = Base.lproj/Main.storyboard; sourceTree = "<group>"; };
		3F1CF5E621C23ED500C293FC /* __3.xcdatamodel */ = {isa = PBXFileReference; lastKnownFileType = wrapper.xcdatamodel; path = __3.xcdatamodel; sourceTree = "<group>"; };
		3F1CF5E821C23ED600C293FC /* Assets.xcassets */ = {isa = PBXFileReference; lastKnownFileType = folder.assetcatalog; path = Assets.xcassets; sourceTree = "<group>"; };
		3F1CF5EB21C23ED600C293FC /* Base */ = {isa = PBXFileReference; lastKnownFileType = file.storyboard; name = Base; path = Base.lproj/LaunchScreen.storyboard; sourceTree = "<group>"; };
		3F1CF5ED21C23ED600C293FC /* Info.plist */ = {isa = PBXFileReference; lastKnownFileType = text.plist.xml; path = Info.plist; sourceTree = "<group>"; };
/* End PBXFileReference section */

/* Begin PBXFrameworksBuildPhase section */
		3F1CF5D821C23ED500C293FC /* Frameworks */ = {
			isa = PBXFrameworksBuildPhase;
			buildActionMask = 2147483647;
			files = (
			);
			runOnlyForDeploymentPostprocessing = 0;
		};
/* End PBXFrameworksBuildPhase section */

/* Begin PBXGroup section */
		3F1CF5D221C23ED500C293FC = {
			isa = PBXGroup;
			children = (
				3F1CF5DD21C23ED500C293FC /* 9_3 */,
				3F1CF5DC21C23ED500C293FC /* Products */,
			);
			sourceTree = "<group>";
		};
		3F1CF5DC21C23ED500C293FC /* Products */ = {
			isa = PBXGroup;
			children = (
				3F1CF5DB21C23ED500C293FC /* 9_3.app */,
			);
			name = Products;
			sourceTree = "<group>";
		};
		3F1CF5DD21C23ED500C293FC /* 9_3 */ = {
			isa = PBXGroup;
			children = (
				3F1CF5DE21C23ED500C293FC /* AppDelegate.swift */,
				3F1CF5E021C23ED500C293FC /* ViewController.swift */,
				3F1CF5E221C23ED500C293FC /* Main.storyboard */,
				3F1CF5E821C23ED600C293FC /* Assets.xcassets */,
				3F1CF5EA21C23ED600C293FC /* LaunchScreen.storyboard */,
				3F1CF5ED21C23ED600C293FC /* Info.plist */,
				3F1CF5E521C23ED500C293FC /* __3.xcdatamodeld */,
			);
			path = 9_3;
			sourceTree = "<group>";
		};
/* End PBXGroup section */

/* Begin PBXNativeTarget section */
		3F1CF5DA21C23ED500C293FC /* 9_3 */ = {
			isa = PBXNativeTarget;
			buildConfigurationList = 3F1CF5F021C23ED600C293FC /* Build configuration list for PBXNativeTarget "9_3" */;
			buildPhases = (
				3F1CF5D721C23ED500C293FC /* Sources */,
				3F1CF5D821C23ED500C293FC /* Frameworks */,
				3F1CF5D921C23ED500C293FC /* Resources */,
			);
			buildRules = (
			);
			dependencies = (
			);
			name = 9_3;
			productName = 9_3;
			productReference = 3F1CF5DB21C23ED500C293FC /* 9_3.app */;
			productType = "com.apple.product-type.application";
		};
/* End PBXNativeTarget section */

/* Begin PBXProject section */
		3F1CF5D321C23ED500C293FC /* Project object */ = {
			isa = PBXProject;
			attributes = {
				LastSwiftUpdateCheck = 1000;
				LastUpgradeCheck = 1000;
				ORGANIZATIONNAME = wyf;
				TargetAttributes = {
					3F1CF5DA21C23ED500C293FC = {
						CreatedOnToolsVersion = 10.0;
					};
				};
			};
			buildConfigurationList = 3F1CF5D621C23ED500C293FC /* Build configuration list for PBXProject "9_3" */;
			compatibilityVersion = "Xcode 9.3";
			developmentRegion = en;
			hasScannedForEncodings = 0;
			knownRegions = (
				en,
				Base,
			);
			mainGroup = 3F1CF5D221C23ED500C293FC;
			productRefGroup = 3F1CF5DC21C23ED500C293FC /* Products */;
			projectDirPath = "";
			projectRoot = "";
			targets = (
				3F1CF5DA21C23ED500C293FC /* 9_3 */,
			);
		};
/* End PBXProject section */

/* Begin PBXResourcesBuildPhase section */
		3F1CF5D921C23ED500C293FC /* Resources */ = {
			isa = PBXResourcesBuildPhase;
			buildActionMask = 2147483647;
			files = (
				3F1CF5EC21C23ED600C293FC /* LaunchScreen.storyboard in Resources */,
				3F1CF5E921C23ED600C293FC /* Assets.xcassets in Resources */,
				3F1CF5E421C23ED500C293FC /* Main.storyboard in Resources */,
			);
			runOnlyForDeploymentPostprocessing = 0;
		};
/* End PBXResourcesBuildPhase section */

/* Begin PBXSourcesBuildPhase section */
		3F1CF5D721C23ED500C293FC /* Sources */ = {
			isa = PBXSourcesBuildPhase;
			buildActionMask = 2147483647;
			files = (
				3F1CF5E721C23ED500C293FC /* __3.xcdatamodeld in Sources */,
				3F1CF5E121C23ED500C293FC /* ViewController.swift in Sources */,
				3F1CF5DF21C23ED500C293FC /* AppDelegate.swift in Sources */,
			);
			runOnlyForDeploymentPostprocessing = 0;
		};
/* End PBXSourcesBuildPhase section */

/* Begin PBXVariantGroup section */
		3F1CF5E221C23ED500C293FC /* Main.storyboard */ = {
			isa = PBXVariantGroup;
			children = (
				3F1CF5E321C23ED500C293FC /* Base */,
			);
			name = Main.storyboard;
			sourceTree = "<group>";
		};
		3F1CF5EA21C23ED600C293FC /* LaunchScreen.storyboard */ = {
			isa = PBXVariantGroup;
			children = (
				3F1CF5EB21C23ED600C293FC /* Base */,
			);
			name = LaunchScreen.storyboard;
			sourceTree = "<group>";
		};
/* End PBXVariantGroup section */

/* Begin XCBuildConfiguration section */
		3F1CF5EE21C23ED600C293FC /* Debug */ = {
			isa = XCBuildConfiguration;
			buildSettings = {
				ALWAYS_SEARCH_USER_PATHS = NO;
				CLANG_ANALYZER_NONNULL = YES;
				CLANG_ANALYZER_NUMBER_OBJECT_CONVERSION = YES_AGGRESSIVE;
				CLANG_CXX_LANGUAGE_STANDARD = "gnu++14";
				CLANG_CXX_LIBRARY = "libc++";
				CLANG_ENABLE_MODULES = YES;
				CLANG_ENABLE_OBJC_ARC = YES;
				CLANG_ENABLE_OBJC_WEAK = YES;
				CLANG_WARN_BLOCK_CAPTURE_AUTORELEASING = YES;
				CLANG_WARN_BOOL_CONVERSION = YES;
				CLANG_WARN_COMMA = YES;
				CLANG_WARN_CONSTANT_CONVERSION = YES;
				CLANG_WARN_DEPRECATED_OBJC_IMPLEMENTATIONS = YES;
				CLANG_WARN_DIRECT_OBJC_ISA_USAGE = YES_ERROR;
				CLANG_WARN_DOCUMENTATION_COMMENTS = YES;
				CLANG_WARN_EMPTY_BODY = YES;
				CLANG_WARN_ENUM_CONVERSION = YES;
				CLANG_WARN_INFINITE_RECURSION = YES;
				CLANG_WARN_INT_CONVERSION = YES;
				CLANG_WARN_NON_LITERAL_NULL_CONVERSION = YES;
				CLANG_WARN_OBJC_IMPLICIT_RETAIN_SELF = YES;
				CLANG_WARN_OBJC_LITERAL_CONVERSION = YES;
				CLANG_WARN_OBJC_ROOT_CLASS = YES_ERROR;
				CLANG_WARN_RANGE_LOOP_ANALYSIS = YES;
				CLANG_WARN_STRICT_PROTOTYPES = YES;
				CLANG_WARN_SUSPICIOUS_MOVE = YES;
				CLANG_WARN_UNGUARDED_AVAILABILITY = YES_AGGRESSIVE;
				CLANG_WARN_UNREACHABLE_CODE = YES;
				CLANG_WARN__DUPLICATE_METHOD_MATCH = YES;
				CODE_SIGN_IDENTITY = "iPhone Developer";
				COPY_PHASE_STRIP = NO;
				DEBUG_INFORMATION_FORMAT = dwarf;
				ENABLE_STRICT_OBJC_MSGSEND = YES;
				ENABLE_TESTABILITY = YES;
				GCC_C_LANGUAGE_STANDARD = gnu11;
				GCC_DYNAMIC_NO_PIC = NO;
				GCC_NO_COMMON_BLOCKS = YES;
				GCC_OPTIMIZATION_LEVEL = 0;
				GCC_PREPROCESSOR_DEFINITIONS = (
					"DEBUG=1",
					"$(inherited)",
				);
				GCC_WARN_64_TO_32_BIT_CONVERSION = YES;
				GCC_WARN_ABOUT_RETURN_TYPE = YES_ERROR;
				GCC_WARN_UNDECLARED_SELECTOR = YES;
				GCC_WARN_UNINITIALIZED_AUTOS = YES_AGGRESSIVE;
				GCC_WARN_UNUSED_FUNCTION = YES;
				GCC_WARN_UNUSED_VARIABLE = YES;
				IPHONEOS_DEPLOYMENT_TARGET = 12.0;
				MTL_ENABLE_DEBUG_INFO = INCLUDE_SOURCE;
				MTL_FAST_MATH = YES;
				ONLY_ACTIVE_ARCH = YES;
				SDKROOT = iphoneos;
				SWIFT_ACTIVE_COMPILATION_CONDITIONS = DEBUG;
				SWIFT_OPTIMIZATION_LEVEL = "-Onone";
			};
			name = Debug;
		};
		3F1CF5EF21C23ED600C293FC /* Release */ = {
			isa = XCBuildConfiguration;
			buildSettings = {
				ALWAYS_SEARCH_USER_PATHS = NO;
				CLANG_ANALYZER_NONNULL = YES;
				CLANG_ANALYZER_NUMBER_OBJECT_CONVERSION = YES_AGGRESSIVE;
				CLANG_CXX_LANGUAGE_STANDARD = "gnu++14";
				CLANG_CXX_LIBRARY = "libc++";
				CLANG_ENABLE_MODULES = YES;
				CLANG_ENABLE_OBJC_ARC = YES;
				CLANG_ENABLE_OBJC_WEAK = YES;
				CLANG_WARN_BLOCK_CAPTURE_AUTORELEASING = YES;
				CLANG_WARN_BOOL_CONVERSION = YES;
				CLANG_WARN_COMMA = YES;
				CLANG_WARN_CONSTANT_CONVERSION = YES;
				CLANG_WARN_DEPRECATED_OBJC_IMPLEMENTATIONS = YES;
				CLANG_WARN_DIRECT_OBJC_ISA_USAGE = YES_ERROR;
				CLANG_WARN_DOCUMENTATION_COMMENTS = YES;
				CLANG_WARN_EMPTY_BODY = YES;
				CLANG_WARN_ENUM_CONVERSION = YES;
				CLANG_WARN_INFINITE_RECURSION = YES;
				CLANG_WARN_INT_CONVERSION = YES;
				CLANG_WARN_NON_LITERAL_NULL_CONVERSION = YES;
				CLANG_WARN_OBJC_IMPLICIT_RETAIN_SELF = YES;
				CLANG_WARN_OBJC_LITERAL_CONVERSION = YES;
				CLANG_WARN_OBJC_ROOT_CLASS = YES_ERROR;
				CLANG_WARN_RANGE_LOOP_ANALYSIS = YES;
				CLANG_WARN_STRICT_PROTOTYPES = YES;
				CLANG_WARN_SUSPICIOUS_MOVE = YES;
				CLANG_WARN_UNGUARDED_AVAILABILITY = YES_AGGRESSIVE;
				CLANG_WARN_UNREACHABLE_CODE = YES;
				CLANG_WARN__DUPLICATE_METHOD_MATCH = YES;
				CODE_SIGN_IDENTITY = "iPhone Developer";
				COPY_PHASE_STRIP = NO;
				DEBUG_INFORMATION_FORMAT = "dwarf-with-dsym";
				ENABLE_NS_ASSERTIONS = NO;
				ENABLE_STRICT_OBJC_MSGSEND = YES;
				GCC_C_LANGUAGE_STANDARD = gnu11;
				GCC_NO_COMMON_BLOCKS = YES;
				GCC_WARN_64_TO_32_BIT_CONVERSION = YES;
				GCC_WARN_ABOUT_RETURN_TYPE = YES_ERROR;
				GCC_WARN_UNDECLARED_SELECTOR = YES;
				GCC_WARN_UNINITIALIZED_AUTOS = YES_AGGRESSIVE;
				GCC_WARN_UNUSED_FUNCTION = YES;
				GCC_WARN_UNUSED_VARIABLE = YES;
				IPHONEOS_DEPLOYMENT_TARGET = 12.0;
				MTL_ENABLE_DEBUG_INFO = NO;
				MTL_FAST_MATH = YES;
				SDKROOT = iphoneos;
				SWIFT_COMPILATION_MODE = wholemodule;
				SWIFT_OPTIMIZATION_LEVEL = "-O";
				VALIDATE_PRODUCT = YES;
			};
			name = Release;
		};
		3F1CF5F121C23ED600C293FC /* Debug */ = {
			isa = XCBuildConfiguration;
			buildSettings = {
				ASSETCATALOG_COMPILER_APPICON_NAME = AppIcon;
				CODE_SIGN_STYLE = Automatic;
				INFOPLIST_FILE = 9_3/Info.plist;
				LD_RUNPATH_SEARCH_PATHS = (
					"$(inherited)",
					"@executable_path/Frameworks",
				);
				PRODUCT_BUNDLE_IDENTIFIER = "-016110339.--3";
				PRODUCT_NAME = "$(TARGET_NAME)";
				SWIFT_VERSION = 4.2;
				TARGETED_DEVICE_FAMILY = "1,2";
			};
			name = Debug;
		};
		3F1CF5F221C23ED600C293FC /* Release */ = {
			isa = XCBuildConfiguration;
			buildSettings = {
				ASSETCATALOG_COMPILER_APPICON_NAME = AppIcon;
				CODE_SIGN_STYLE = Automatic;
				INFOPLIST_FILE = 9_3/Info.plist;
				LD_RUNPATH_SEARCH_PATHS = (
					"$(inherited)",
					"@executable_path/Frameworks",
				);
				PRODUCT_BUNDLE_IDENTIFIER = "-016110339.--3";
				PRODUCT_NAME = "$(TARGET_NAME)";
				SWIFT_VERSION = 4.2;
				TARGETED_DEVICE_FAMILY = "1,2";
			};
			name = Release;
		};
/* End XCBuildConfiguration section */

/* Begin XCConfigurationList section */
		3F1CF5D621C23ED500C293FC /* Build configuration list for PBXProject "9_3" */ = {
			isa = XCConfigurationList;
			buildConfigurations = (
				3F1CF5EE21C23ED600C293FC /* Debug */,
				3F1CF5EF21C23ED600C293FC /* Release */,
			);
			defaultConfigurationIsVisible = 0;
			defaultConfigurationName = Release;
		};
		3F1CF5F021C23ED600C293FC /* Build configuration list for PBXNativeTarget "9_3" */ = {
			isa = XCConfigurationList;
			buildConfigurations = (
				3F1CF5F121C23ED600C293FC /* Debug */,
				3F1CF5F221C23ED600C293FC /* Release */,
			);
			defaultConfigurationIsVisible = 0;
			defaultConfigurationName = Release;
		};
/* End XCConfigurationList section */

/* Begin XCVersionGroup section */
		3F1CF5E521C23ED500C293FC /* __3.xcdatamodeld */ = {
			isa = XCVersionGroup;
			children = (
				3F1CF5E621C23ED500C293FC /* __3.xcdatamodel */,
			);
			currentVersion = 3F1CF5E621C23ED500C293FC /* __3.xcdatamodel */;
			path = __3.xcdatamodeld;
			sourceTree = "<group>";
			versionGroupType = wrapper.xcdatamodel;
		};
/* End XCVersionGroup section */
	};
	rootObject = 3F1CF5D321C23ED500C293FC /* Project object */;
}
